github.com/golang-jwt/jwt/v5 v5.2.0/go.mod h1:pqrtFR0X4osieyHYxtmOUWsAWrfe1Q5UVIyoH402zdk=
github.com/google/uuid v1.5.0/go.mod h1:TIyPZe4MgqvfeYDBFedMoGGpEw/LqOeaOT+nhxU+yHo=
github.com/labstack/echo/v4 v4.11.4/go.mod h1:noh7EvLwqDsmh/X/HWKPUl1AjzJrhyptRyEbQJfxen8=
github.com/swaggo/echo-swagger v1.4.1/go.mod h1:C8bSi+9yH2FLZsnhqMZLIZddpUxZdBYuNHbtaS1Hljc=
github.com/swaggo/swag v1.16.2/go.mod h1:6YzXnDcpr0767iOejs318CwYkCQqyGer6BizOg03f+E=
golang.org/x/crypto v0.17.0/go.mod h1:gCAAfMLgwOJRpTjQ2zCCt2OcSfYMTeZVSRtQlPC7Nq4=
gorm.io/driver/postgres v1.5.4/go.mod h1:Bgo89+h0CRcdA33Y6frlaHHVuTdOf87pmyzwW9C/BH0=
gorm.io/gorm v1.25.5/go.mod h1:hbnx/Oo0ChWMn1BIhpy1oYozzpM15i4YPuHDmfYtwg8=
